
Microsoft Visual Studio Solution File, Format Version 12.00
# Visual Studio 15
VisualStudioVersion = 15.0.28010.2003
MinimumVisualStudioVersion = 10.0.40219.1
Project("{FAE04EC0-301F-11D3-BF4B-00C04F79EFBC}") = "WebApplication2", "WebApplication2\WebApplication2.csproj", "{FEE35D8E-EF0A-4E6A-AFCA-80ECD896CCE4}"
EndProject
Project("{2150E333-8FDC-42A3-9474-1A3956D46DE8}") = "NewFolder1", "NewFolder1", "{031BA47E-5A10-4F59-85CE-9F8F9E5A703F}"
EndProject
Global
	GlobalSection(SolutionConfigurationPlatforms) = preSolution
		Debug|Any CPU = Debug|Any CPU
		Release|Any CPU = Release|Any CPU
	EndGlobalSection
	GlobalSection(ProjectConfigurationPlatforms) = postSolution
		{FEE35D8E-EF0A-4E6A-AFCA-80ECD896CCE4}.Debug|Any CPU.ActiveCfg = Debug|Any CPU
		{FEE35D8E-EF0A-4E6A-AFCA-80ECD896CCE4}.Debug|Any CPU.Build.0 = Debug|Any CPU
		{FEE35D8E-EF0A-4E6A-AFCA-80ECD896CCE4}.Release|Any CPU.ActiveCfg = Release|Any CPU
		{FEE35D8E-EF0A-4E6A-AFCA-80ECD896CCE4}.Release|Any CPU.Build.0 = Release|Any CPU
	EndGlobalSection
	GlobalSection(SolutionProperties) = preSolution
		HideSolutionNode = FALSE
	EndGlobalSection
	GlobalSection(ExtensibilityGlobals) = postSolution
		SolutionGuid = {DF1D2383-1981-4EEE-AC65-AF574815C159}
	EndGlobalSection
EndGlobal
